// !$*UTF8*$!
{
	archiveVersion = 1;
	classes = {
	};
	objectVersion = 50;
	objects = {

/* Begin PBXBuildFile section */
		1443E2C124B87E5700A06027 /* SmashBrosCharacter.swift in Sources */ = {isa = PBXBuildFile; fileRef = 1443E2C024B87E5700A06027 /* SmashBrosCharacter.swift */; };
		14452CED24A23A4000F1FFB6 /* NetworkRequest.swift in Sources */ = {isa = PBXBuildFile; fileRef = 14452CEC24A23A4000F1FFB6 /* NetworkRequest.swift */; };
		14452CF324A2519B00F1FFB6 /* Card.png in Resources */ = {isa = PBXBuildFile; fileRef = 14452CF224A2519B00F1FFB6 /* Card.png */; };
		14452CF524A391E900F1FFB6 /* APIRequest.swift in Sources */ = {isa = PBXBuildFile; fileRef = 14452CF424A391E900F1FFB6 /* APIRequest.swift */; };
		14893DD724B4A50100433AEC /* String+Formatting.swift in Sources */ = {isa = PBXBuildFile; fileRef = 14893DD624B4A50100433AEC /* String+Formatting.swift */; };
		14893DD924B4B10100433AEC /* ImageDecodable.swift in Sources */ = {isa = PBXBuildFile; fileRef = 14893DD824B4B10100433AEC /* ImageDecodable.swift */; };
		148C439224ADEBCE00D04763 /* BasicCellConfigurator.swift in Sources */ = {isa = PBXBuildFile; fileRef = 148C439124ADEBCE00D04763 /* BasicCellConfigurator.swift */; };
		14B7D72B24A0D3AF001F89DF /* AppDelegate.swift in Sources */ = {isa = PBXBuildFile; fileRef = 14B7D72A24A0D3AF001F89DF /* AppDelegate.swift */; };
		14B7D72D24A0D3AF001F89DF /* SceneDelegate.swift in Sources */ = {isa = PBXBuildFile; fileRef = 14B7D72C24A0D3AF001F89DF /* SceneDelegate.swift */; };
		14B7D72F24A0D3AF001F89DF /* TableViewController.swift in Sources */ = {isa = PBXBuildFile; fileRef = 14B7D72E24A0D3AF001F89DF /* TableViewController.swift */; };
		14B7D73224A0D3AF001F89DF /* Main.storyboard in Resources */ = {isa = PBXBuildFile; fileRef = 14B7D73024A0D3AF001F89DF /* Main.storyboard */; };
		14B7D73424A0D3B1001F89DF /* Assets.xcassets in Resources */ = {isa = PBXBuildFile; fileRef = 14B7D73324A0D3B1001F89DF /* Assets.xcassets */; };
		14B7D73724A0D3B1001F89DF /* LaunchScreen.storyboard in Resources */ = {isa = PBXBuildFile; fileRef = 14B7D73524A0D3B1001F89DF /* LaunchScreen.storyboard */; };
		14B7D75024A0F256001F89DF /* NetworkSession.swift in Sources */ = {isa = PBXBuildFile; fileRef = 14B7D74F24A0F256001F89DF /* NetworkSession.swift */; };
		14E0EF9224A643D600A85B6C /* Card.swift in Sources */ = {isa = PBXBuildFile; fileRef = 14E0EF9124A643D600A85B6C /* Card.swift */; };
/* End PBXBuildFile section */

/* Begin PBXContainerItemProxy section */
		14B7D73E24A0D3B1001F89DF /* PBXContainerItemProxy */ = {
			isa = PBXContainerItemProxy;
			containerPortal = 14B7D71F24A0D3AF001F89DF /* Project object */;
			proxyType = 1;
			remoteGlobalIDString = 14B7D72624A0D3AF001F89DF;
			remoteInfo = ModularJSONTableView;
		};
/* End PBXContainerItemProxy section */

/* Begin PBXFileReference section */
		1443E2C024B87E5700A06027 /* SmashBrosCharacter.swift */ = {isa = PBXFileReference; lastKnownFileType = sourcecode.swift; path = SmashBrosCharacter.swift; sourceTree = "<group>"; };
		14452CEC24A23A4000F1FFB6 /* NetworkRequest.swift */ = {isa = PBXFileReference; lastKnownFileType = sourcecode.swift; path = NetworkRequest.swift; sourceTree = "<group>"; };
		14452CF224A2519B00F1FFB6 /* Card.png */ = {isa = PBXFileReference; lastKnownFileType = image.png; name = Card.png; path = ../../../../Downloads/Card.png; sourceTree = "<group>"; };
		14452CF424A391E900F1FFB6 /* APIRequest.swift */ = {isa = PBXFileReference; lastKnownFileType = sourcecode.swift; path = APIRequest.swift; sourceTree = "<group>"; };
		14893DD624B4A50100433AEC /* String+Formatting.swift */ = {isa = PBXFileReference; lastKnownFileType = sourcecode.swift; path = "String+Formatting.swift"; sourceTree = "<group>"; };
		14893DD824B4B10100433AEC /* ImageDecodable.swift */ = {isa = PBXFileReference; lastKnownFileType = sourcecode.swift; path = ImageDecodable.swift; sourceTree = "<group>"; };
		148C439124ADEBCE00D04763 /* BasicCellConfigurator.swift */ = {isa = PBXFileReference; lastKnownFileType = sourcecode.swift; path = BasicCellConfigurator.swift; sourceTree = "<group>"; };
		14B7D72724A0D3AF001F89DF /* ModularJSONTableView.app */ = {isa = PBXFileReference; explicitFileType = wrapper.application; includeInIndex = 0; path = ModularJSONTableView.app; sourceTree = BUILT_PRODUCTS_DIR; };
		14B7D72A24A0D3AF001F89DF /* AppDelegate.swift */ = {isa = PBXFileReference; lastKnownFileType = sourcecode.swift; path = AppDelegate.swift; sourceTree = "<group>"; };
		14B7D72C24A0D3AF001F89DF /* SceneDelegate.swift */ = {isa = PBXFileReference; lastKnownFileType = sourcecode.swift; path = SceneDelegate.swift; sourceTree = "<group>"; };
		14B7D72E24A0D3AF001F89DF /* TableViewController.swift */ = {isa = PBXFileReference; lastKnownFileType = sourcecode.swift; path = TableViewController.swift; sourceTree = "<group>"; };
		14B7D73124A0D3AF001F89DF /* Base */ = {isa = PBXFileReference; lastKnownFileType = file.storyboard; name = Base; path = Base.lproj/Main.storyboard; sourceTree = "<group>"; };
		14B7D73324A0D3B1001F89DF /* Assets.xcassets */ = {isa = PBXFileReference; lastKnownFileType = folder.assetcatalog; path = Assets.xcassets; sourceTree = "<group>"; };
		14B7D73624A0D3B1001F89DF /* Base */ = {isa = PBXFileReference; lastKnownFileType = file.storyboard; name = Base; path = Base.lproj/LaunchScreen.storyboard; sourceTree = "<group>"; };
		14B7D73824A0D3B1001F89DF /* Info.plist */ = {isa = PBXFileReference; lastKnownFileType = text.plist.xml; path = Info.plist; sourceTree = "<group>"; };
		14B7D73D24A0D3B1001F89DF /* ModularJSONTableViewTests.xctest */ = {isa = PBXFileReference; explicitFileType = wrapper.cfbundle; includeInIndex = 0; path = ModularJSONTableViewTests.xctest; sourceTree = BUILT_PRODUCTS_DIR; };
		14B7D74324A0D3B1001F89DF /* Info.plist */ = {isa = PBXFileReference; lastKnownFileType = text.plist.xml; path = Info.plist; sourceTree = "<group>"; };
		14B7D74F24A0F256001F89DF /* NetworkSession.swift */ = {isa = PBXFileReference; lastKnownFileType = sourcecode.swift; path = NetworkSession.swift; sourceTree = "<group>"; };
		14E0EF9124A643D600A85B6C /* Card.swift */ = {isa = PBXFileReference; lastKnownFileType = sourcecode.swift; path = Card.swift; sourceTree = "<group>"; };
/* End PBXFileReference section */

/* Begin PBXFrameworksBuildPhase section */
		14B7D72424A0D3AF001F89DF /* Frameworks */ = {
			isa = PBXFrameworksBuildPhase;
			buildActionMask = 2147483647;
			files = (
			);
			runOnlyForDeploymentPostprocessing = 0;
		};
		14B7D73A24A0D3B1001F89DF /* Frameworks */ = {
			isa = PBXFrameworksBuildPhase;
			buildActionMask = 2147483647;
			files = (
			);
			runOnlyForDeploymentPostprocessing = 0;
		};
/* End PBXFrameworksBuildPhase section */

/* Begin PBXGroup section */
		1443E2BF24B87E3300A06027 /* Endpoints */ = {
			isa = PBXGroup;
			children = (
				14E0EF9124A643D600A85B6C /* Card.swift */,
				1443E2C024B87E5700A06027 /* SmashBrosCharacter.swift */,
			);
			path = Endpoints;
			sourceTree = "<group>";
		};
		14893DD524B4A4D800433AEC /* Utility */ = {
			isa = PBXGroup;
			children = (
				14893DD624B4A50100433AEC /* String+Formatting.swift */,
			);
			path = Utility;
			sourceTree = "<group>";
		};
		14B7D71E24A0D3AF001F89DF = {
			isa = PBXGroup;
			children = (
				14B7D72924A0D3AF001F89DF /* ModularJSONTableView */,
				14B7D74024A0D3B1001F89DF /* ModularJSONTableViewTests */,
				14B7D72824A0D3AF001F89DF /* Products */,
			);
			sourceTree = "<group>";
		};
		14B7D72824A0D3AF001F89DF /* Products */ = {
			isa = PBXGroup;
			children = (
				14B7D72724A0D3AF001F89DF /* ModularJSONTableView.app */,
				14B7D73D24A0D3B1001F89DF /* ModularJSONTableViewTests.xctest */,
			);
			name = Products;
			sourceTree = "<group>";
		};
		14B7D72924A0D3AF001F89DF /* ModularJSONTableView */ = {
			isa = PBXGroup;
			children = (
				1443E2BF24B87E3300A06027 /* Endpoints */,
				14B7D74C24A0D9C0001F89DF /* Networking */,
				14B7D72A24A0D3AF001F89DF /* AppDelegate.swift */,
				14B7D72C24A0D3AF001F89DF /* SceneDelegate.swift */,
				14B7D72E24A0D3AF001F89DF /* TableViewController.swift */,
				14893DD524B4A4D800433AEC /* Utility */,
				14B7D73024A0D3AF001F89DF /* Main.storyboard */,
				14B7D73324A0D3B1001F89DF /* Assets.xcassets */,
				14B7D73524A0D3B1001F89DF /* LaunchScreen.storyboard */,
				14B7D73824A0D3B1001F89DF /* Info.plist */,
				148C439124ADEBCE00D04763 /* BasicCellConfigurator.swift */,
			);
			path = ModularJSONTableView;
			sourceTree = "<group>";
		};
		14B7D74024A0D3B1001F89DF /* ModularJSONTableViewTests */ = {
			isa = PBXGroup;
			children = (
				14452CF224A2519B00F1FFB6 /* Card.png */,
				14B7D74324A0D3B1001F89DF /* Info.plist */,
			);
			path = ModularJSONTableViewTests;
			sourceTree = "<group>";
		};
		14B7D74C24A0D9C0001F89DF /* Networking */ = {
			isa = PBXGroup;
			children = (
				14B7D74F24A0F256001F89DF /* NetworkSession.swift */,
				14452CEC24A23A4000F1FFB6 /* NetworkRequest.swift */,
				14452CF424A391E900F1FFB6 /* APIRequest.swift */,
				14893DD824B4B10100433AEC /* ImageDecodable.swift */,
			);
			path = Networking;
			sourceTree = "<group>";
		};
/* End PBXGroup section */

/* Begin PBXNativeTarget section */
		14B7D72624A0D3AF001F89DF /* ModularJSONTableView */ = {
			isa = PBXNativeTarget;
			buildConfigurationList = 14B7D74624A0D3B1001F89DF /* Build configuration list for PBXNativeTarget "ModularJSONTableView" */;
			buildPhases = (
				14B7D72324A0D3AF001F89DF /* Sources */,
				14B7D72424A0D3AF001F89DF /* Frameworks */,
				14B7D72524A0D3AF001F89DF /* Resources */,
			);
			buildRules = (
			);
			dependencies = (
			);
			name = ModularJSONTableView;
			productName = ModularJSONTableView;
			productReference = 14B7D72724A0D3AF001F89DF /* ModularJSONTableView.app */;
			productType = "com.apple.product-type.application";
		};
		14B7D73C24A0D3B1001F89DF /* ModularJSONTableViewTests */ = {
			isa = PBXNativeTarget;
			buildConfigurationList = 14B7D74924A0D3B1001F89DF /* Build configuration list for PBXNativeTarget "ModularJSONTableViewTests" */;
			buildPhases = (
				14B7D73924A0D3B1001F89DF /* Sources */,
				14B7D73A24A0D3B1001F89DF /* Frameworks */,
				14B7D73B24A0D3B1001F89DF /* Resources */,
			);
			buildRules = (
			);
			dependencies = (
				14B7D73F24A0D3B1001F89DF /* PBXTargetDependency */,
			);
			name = ModularJSONTableViewTests;
			productName = ModularJSONTableViewTests;
			productReference = 14B7D73D24A0D3B1001F89DF /* ModularJSONTableViewTests.xctest */;
			productType = "com.apple.product-type.bundle.unit-test";
		};
/* End PBXNativeTarget section */

/* Begin PBXProject section */
		14B7D71F24A0D3AF001F89DF /* Project object */ = {
			isa = PBXProject;
			attributes = {
				LastSwiftUpdateCheck = 1150;
				LastUpgradeCheck = 1150;
				ORGANIZATIONNAME = "Declan McKenna";
				TargetAttributes = {
					14B7D72624A0D3AF001F89DF = {
						CreatedOnToolsVersion = 11.5;
					};
					14B7D73C24A0D3B1001F89DF = {
						CreatedOnToolsVersion = 11.5;
						TestTargetID = 14B7D72624A0D3AF001F89DF;
					};
				};
			};
			buildConfigurationList = 14B7D72224A0D3AF001F89DF /* Build configuration list for PBXProject "ModularJSONTableView" */;
			compatibilityVersion = "Xcode 9.3";
			developmentRegion = en;
			hasScannedForEncodings = 0;
			knownRegions = (
				en,
				Base,
			);
			mainGroup = 14B7D71E24A0D3AF001F89DF;
			productRefGroup = 14B7D72824A0D3AF001F89DF /* Products */;
			projectDirPath = "";
			projectRoot = "";
			targets = (
				14B7D72624A0D3AF001F89DF /* ModularJSONTableView */,
				14B7D73C24A0D3B1001F89DF /* ModularJSONTableViewTests */,
			);
		};
/* End PBXProject section */

/* Begin PBXResourcesBuildPhase section */
		14B7D72524A0D3AF001F89DF /* Resources */ = {
			isa = PBXResourcesBuildPhase;
			buildActionMask = 2147483647;
			files = (
				14B7D73724A0D3B1001F89DF /* LaunchScreen.storyboard in Resources */,
				14B7D73424A0D3B1001F89DF /* Assets.xcassets in Resources */,
				14B7D73224A0D3AF001F89DF /* Main.storyboard in Resources */,
			);
			runOnlyForDeploymentPostprocessing = 0;
		};
		14B7D73B24A0D3B1001F89DF /* Resources */ = {
			isa = PBXResourcesBuildPhase;
			buildActionMask = 2147483647;
			files = (
				14452CF324A2519B00F1FFB6 /* Card.png in Resources */,
			);
			runOnlyForDeploymentPostprocessing = 0;
		};
/* End PBXResourcesBuildPhase section */

/* Begin PBXSourcesBuildPhase section */
		14B7D72324A0D3AF001F89DF /* Sources */ = {
			isa = PBXSourcesBuildPhase;
			buildActionMask = 2147483647;
			files = (
				14B7D72F24A0D3AF001F89DF /* TableViewController.swift in Sources */,
				14452CF524A391E900F1FFB6 /* APIRequest.swift in Sources */,
				148C439224ADEBCE00D04763 /* BasicCellConfigurator.swift in Sources */,
				14B7D75024A0F256001F89DF /* NetworkSession.swift in Sources */,
				14B7D72B24A0D3AF001F89DF /* AppDelegate.swift in Sources */,
				14B7D72D24A0D3AF001F89DF /* SceneDelegate.swift in Sources */,
				14452CED24A23A4000F1FFB6 /* NetworkRequest.swift in Sources */,
				14893DD924B4B10100433AEC /* ImageDecodable.swift in Sources */,
				1443E2C124B87E5700A06027 /* SmashBrosCharacter.swift in Sources */,
				14E0EF9224A643D600A85B6C /* Card.swift in Sources */,
				14893DD724B4A50100433AEC /* String+Formatting.swift in Sources */,
			);
			runOnlyForDeploymentPostprocessing = 0;
		};
		14B7D73924A0D3B1001F89DF /* Sources */ = {
			isa = PBXSourcesBuildPhase;
			buildActionMask = 2147483647;
			files = (
			);
			runOnlyForDeploymentPostprocessing = 0;
		};
/* End PBXSourcesBuildPhase section */

/* Begin PBXTargetDependency section */
		14B7D73F24A0D3B1001F89DF /* PBXTargetDependency */ = {
			isa = PBXTargetDependency;
			target = 14B7D72624A0D3AF001F89DF /* ModularJSONTableView */;
			targetProxy = 14B7D73E24A0D3B1001F89DF /* PBXContainerItemProxy */;
		};
/* End PBXTargetDependency section */

/* Begin PBXVariantGroup section */
		14B7D73024A0D3AF001F89DF /* Main.storyboard */ = {
			isa = PBXVariantGroup;
			children = (
				14B7D73124A0D3AF001F89DF /* Base */,
			);
			name = Main.storyboard;
			sourceTree = "<group>";
		};
		14B7D73524A0D3B1001F89DF /* LaunchScreen.storyboard */ = {
			isa = PBXVariantGroup;
			children = (
				14B7D73624A0D3B1001F89DF /* Base */,
			);
			name = LaunchScreen.storyboard;
			sourceTree = "<group>";
		};
/* End PBXVariantGroup section */

/* Begin XCBuildConfiguration section */
		14B7D74424A0D3B1001F89DF /* Debug */ = {
			isa = XCBuildConfiguration;
			buildSettings = {
				ALWAYS_SEARCH_USER_PATHS = NO;
				CLANG_ANALYZER_NONNULL = YES;
				CLANG_ANALYZER_NUMBER_OBJECT_CONVERSION = YES_AGGRESSIVE;
				CLANG_CXX_LANGUAGE_STANDARD = "gnu++14";
				CLANG_CXX_LIBRARY = "libc++";
				CLANG_ENABLE_MODULES = YES;
				CLANG_ENABLE_OBJC_ARC = YES;
				CLANG_ENABLE_OBJC_WEAK = YES;
				CLANG_WARN_BLOCK_CAPTURE_AUTORELEASING = YES;
				CLANG_WARN_BOOL_CONVERSION = YES;
				CLANG_WARN_COMMA = YES;
				CLANG_WARN_CONSTANT_CONVERSION = YES;
				CLANG_WARN_DEPRECATED_OBJC_IMPLEMENTATIONS = YES;
				CLANG_WARN_DIRECT_OBJC_ISA_USAGE = YES_ERROR;
				CLANG_WARN_DOCUMENTATION_COMMENTS = YES;
				CLANG_WARN_EMPTY_BODY = YES;
				CLANG_WARN_ENUM_CONVERSION = YES;
				CLANG_WARN_INFINITE_RECURSION = YES;
				CLANG_WARN_INT_CONVERSION = YES;
				CLANG_WARN_NON_LITERAL_NULL_CONVERSION = YES;
				CLANG_WARN_OBJC_IMPLICIT_RETAIN_SELF = YES;
				CLANG_WARN_OBJC_LITERAL_CONVERSION = YES;
				CLANG_WARN_OBJC_ROOT_CLASS = YES_ERROR;
				CLANG_WARN_RANGE_LOOP_ANALYSIS = YES;
				CLANG_WARN_STRICT_PROTOTYPES = YES;
				CLANG_WARN_SUSPICIOUS_MOVE = YES;
				CLANG_WARN_UNGUARDED_AVAILABILITY = YES_AGGRESSIVE;
				CLANG_WARN_UNREACHABLE_CODE = YES;
				CLANG_WARN__DUPLICATE_METHOD_MATCH = YES;
				COPY_PHASE_STRIP = NO;
				DEBUG_INFORMATION_FORMAT = dwarf;
				ENABLE_STRICT_OBJC_MSGSEND = YES;
				ENABLE_TESTABILITY = YES;
				GCC_C_LANGUAGE_STANDARD = gnu11;
				GCC_DYNAMIC_NO_PIC = NO;
				GCC_NO_COMMON_BLOCKS = YES;
				GCC_OPTIMIZATION_LEVEL = 0;
				GCC_PREPROCESSOR_DEFINITIONS = (
					"DEBUG=1",
					"$(inherited)",
				);
				GCC_WARN_64_TO_32_BIT_CONVERSION = YES;
				GCC_WARN_ABOUT_RETURN_TYPE = YES_ERROR;
				GCC_WARN_UNDECLARED_SELECTOR = YES;
				GCC_WARN_UNINITIALIZED_AUTOS = YES_AGGRESSIVE;
				GCC_WARN_UNUSED_FUNCTION = YES;
				GCC_WARN_UNUSED_VARIABLE = YES;
				IPHONEOS_DEPLOYMENT_TARGET = 13.5;
				MTL_ENABLE_DEBUG_INFO = INCLUDE_SOURCE;
				MTL_FAST_MATH = YES;
				ONLY_ACTIVE_ARCH = YES;
				SDKROOT = iphoneos;
				SWIFT_ACTIVE_COMPILATION_CONDITIONS = DEBUG;
				SWIFT_OPTIMIZATION_LEVEL = "-Onone";
			};
			name = Debug;
		};
		14B7D74524A0D3B1001F89DF /* Release */ = {
			isa = XCBuildConfiguration;
			buildSettings = {
				ALWAYS_SEARCH_USER_PATHS = NO;
				CLANG_ANALYZER_NONNULL = YES;
				CLANG_ANALYZER_NUMBER_OBJECT_CONVERSION = YES_AGGRESSIVE;
				CLANG_CXX_LANGUAGE_STANDARD = "gnu++14";
				CLANG_CXX_LIBRARY = "libc++";
				CLANG_ENABLE_MODULES = YES;
				CLANG_ENABLE_OBJC_ARC = YES;
				CLANG_ENABLE_OBJC_WEAK = YES;
				CLANG_WARN_BLOCK_CAPTURE_AUTORELEASING = YES;
				CLANG_WARN_BOOL_CONVERSION = YES;
				CLANG_WARN_COMMA = YES;
				CLANG_WARN_CONSTANT_CONVERSION = YES;
				CLANG_WARN_DEPRECATED_OBJC_IMPLEMENTATIONS = YES;
				CLANG_WARN_DIRECT_OBJC_ISA_USAGE = YES_ERROR;
				CLANG_WARN_DOCUMENTATION_COMMENTS = YES;
				CLANG_WARN_EMPTY_BODY = YES;
				CLANG_WARN_ENUM_CONVERSION = YES;
				CLANG_WARN_INFINITE_RECURSION = YES;
				CLANG_WARN_INT_CONVERSION = YES;
				CLANG_WARN_NON_LITERAL_NULL_CONVERSION = YES;
				CLANG_WARN_OBJC_IMPLICIT_RETAIN_SELF = YES;
				CLANG_WARN_OBJC_LITERAL_CONVERSION = YES;
				CLANG_WARN_OBJC_ROOT_CLASS = YES_ERROR;
				CLANG_WARN_RANGE_LOOP_ANALYSIS = YES;
				CLANG_WARN_STRICT_PROTOTYPES = YES;
				CLANG_WARN_SUSPICIOUS_MOVE = YES;
				CLANG_WARN_UNGUARDED_AVAILABILITY = YES_AGGRESSIVE;
				CLANG_WARN_UNREACHABLE_CODE = YES;
				CLANG_WARN__DUPLICATE_METHOD_MATCH = YES;
				COPY_PHASE_STRIP = NO;
				DEBUG_INFORMATION_FORMAT = "dwarf-with-dsym";
				ENABLE_NS_ASSERTIONS = NO;
				ENABLE_STRICT_OBJC_MSGSEND = YES;
				GCC_C_LANGUAGE_STANDARD = gnu11;
				GCC_NO_COMMON_BLOCKS = YES;
				GCC_WARN_64_TO_32_BIT_CONVERSION = YES;
				GCC_WARN_ABOUT_RETURN_TYPE = YES_ERROR;
				GCC_WARN_UNDECLARED_SELECTOR = YES;
				GCC_WARN_UNINITIALIZED_AUTOS = YES_AGGRESSIVE;
				GCC_WARN_UNUSED_FUNCTION = YES;
				GCC_WARN_UNUSED_VARIABLE = YES;
				IPHONEOS_DEPLOYMENT_TARGET = 13.5;
				MTL_ENABLE_DEBUG_INFO = NO;
				MTL_FAST_MATH = YES;
				SDKROOT = iphoneos;
				SWIFT_COMPILATION_MODE = wholemodule;
				SWIFT_OPTIMIZATION_LEVEL = "-O";
				VALIDATE_PRODUCT = YES;
			};
			name = Release;
		};
		14B7D74724A0D3B1001F89DF /* Debug */ = {
			isa = XCBuildConfiguration;
			buildSettings = {
				ASSETCATALOG_COMPILER_APPICON_NAME = AppIcon;
				CODE_SIGN_STYLE = Automatic;
				DEVELOPMENT_TEAM = E65C68B2GD;
				INFOPLIST_FILE = ModularJSONTableView/Info.plist;
				LD_RUNPATH_SEARCH_PATHS = (
					"$(inherited)",
					"@executable_path/Frameworks",
				);
				PRODUCT_BUNDLE_IDENTIFIER = com.decmck.ModularJSONTableView;
				PRODUCT_NAME = "$(TARGET_NAME)";
				SWIFT_VERSION = 5.0;
				TARGETED_DEVICE_FAMILY = "1,2";
			};
			name = Debug;
		};
		14B7D74824A0D3B1001F89DF /* Release */ = {
			isa = XCBuildConfiguration;
			buildSettings = {
				ASSETCATALOG_COMPILER_APPICON_NAME = AppIcon;
				CODE_SIGN_STYLE = Automatic;
				DEVELOPMENT_TEAM = E65C68B2GD;
				INFOPLIST_FILE = ModularJSONTableView/Info.plist;
				LD_RUNPATH_SEARCH_PATHS = (
					"$(inherited)",
					"@executable_path/Frameworks",
				);
				PRODUCT_BUNDLE_IDENTIFIER = com.decmck.ModularJSONTableView;
				PRODUCT_NAME = "$(TARGET_NAME)";
				SWIFT_VERSION = 5.0;
				TARGETED_DEVICE_FAMILY = "1,2";
			};
			name = Release;
		};
		14B7D74A24A0D3B1001F89DF /* Debug */ = {
			isa = XCBuildConfiguration;
			buildSettings = {
				ALWAYS_EMBED_SWIFT_STANDARD_LIBRARIES = YES;
				BUNDLE_LOADER = "$(TEST_HOST)";
				CODE_SIGN_STYLE = Automatic;
				DEVELOPMENT_TEAM = E65C68B2GD;
				INFOPLIST_FILE = ModularJSONTableViewTests/Info.plist;
				IPHONEOS_DEPLOYMENT_TARGET = 13.5;
				LD_RUNPATH_SEARCH_PATHS = (
					"$(inherited)",
					"@executable_path/Frameworks",
					"@loader_path/Frameworks",
				);
				PRODUCT_BUNDLE_IDENTIFIER = com.decmck.ModularJSONTableViewTests;
				PRODUCT_NAME = "$(TARGET_NAME)";
				SWIFT_VERSION = 5.0;
				TARGETED_DEVICE_FAMILY = "1,2";
				TEST_HOST = "$(BUILT_PRODUCTS_DIR)/ModularJSONTableView.app/ModularJSONTableView";
			};
			name = Debug;
		};
		14B7D74B24A0D3B1001F89DF /* Release */ = {
			isa = XCBuildConfiguration;
			buildSettings = {
				ALWAYS_EMBED_SWIFT_STANDARD_LIBRARIES = YES;
				BUNDLE_LOADER = "$(TEST_HOST)";
				CODE_SIGN_STYLE = Automatic;
				DEVELOPMENT_TEAM = E65C68B2GD;
				INFOPLIST_FILE = ModularJSONTableViewTests/Info.plist;
				IPHONEOS_DEPLOYMENT_TARGET = 13.5;
				LD_RUNPATH_SEARCH_PATHS = (
					"$(inherited)",
					"@executable_path/Frameworks",
					"@loader_path/Frameworks",
				);
				PRODUCT_BUNDLE_IDENTIFIER = com.decmck.ModularJSONTableViewTests;
				PRODUCT_NAME = "$(TARGET_NAME)";
				SWIFT_VERSION = 5.0;
				TARGETED_DEVICE_FAMILY = "1,2";
				TEST_HOST = "$(BUILT_PRODUCTS_DIR)/ModularJSONTableView.app/ModularJSONTableView";
			};
			name = Release;
		};
/* End XCBuildConfiguration section */

/* Begin XCConfigurationList section */
		14B7D72224A0D3AF001F89DF /* Build configuration list for PBXProject "ModularJSONTableView" */ = {
			isa = XCConfigurationList;
			buildConfigurations = (
				14B7D74424A0D3B1001F89DF /* Debug */,
				14B7D74524A0D3B1001F89DF /* Release */,
			);
			defaultConfigurationIsVisible = 0;
			defaultConfigurationName = Release;
		};
		14B7D74624A0D3B1001F89DF /* Build configuration list for PBXNativeTarget "ModularJSONTableView" */ = {
			isa = XCConfigurationList;
			buildConfigurations = (
				14B7D74724A0D3B1001F89DF /* Debug */,
				14B7D74824A0D3B1001F89DF /* Release */,
			);
			defaultConfigurationIsVisible = 0;
			defaultConfigurationName = Release;
		};
		14B7D74924A0D3B1001F89DF /* Build configuration list for PBXNativeTarget "ModularJSONTableViewTests" */ = {
			isa = XCConfigurationList;
			buildConfigurations = (
				14B7D74A24A0D3B1001F89DF /* Debug */,
				14B7D74B24A0D3B1001F89DF /* Release */,
			);
			defaultConfigurationIsVisible = 0;
			defaultConfigurationName = Release;
		};
/* End XCConfigurationList section */
	};
	rootObject = 14B7D71F24A0D3AF001F89DF /* Project object */;
}
